
Microsoft Visual Studio Solution File, Format Version 12.00
# Visual Studio Version 17
VisualStudioVersion = 17.4.33122.133
MinimumVisualStudioVersion = 10.0.40219.1
Project("{FAE04EC0-301F-11D3-BF4B-00C04F79EFBC}") = "AoC22Day11", "AoC22Day11\AoC22Day11.csproj", "{6862FAAF-4EA2-43EA-B331-01374C25B8A8}"
EndProject
Global
	GlobalSection(SolutionConfigurationPlatforms) = preSolution
		Debug|Any CPU = Debug|Any CPU
		Release|Any CPU = Release|Any CPU
	EndGlobalSection
	GlobalSection(ProjectConfigurationPlatforms) = postSolution
		{6862FAAF-4EA2-43EA-B331-01374C25B8A8}.Debug|Any CPU.ActiveCfg = Debug|Any CPU
		{6862FAAF-4EA2-43EA-B331-01374C25B8A8}.Debug|Any CPU.Build.0 = Debug|Any CPU
		{6862FAAF-4EA2-43EA-B331-01374C25B8A8}.Release|Any CPU.ActiveCfg = Release|Any CPU
		{6862FAAF-4EA2-43EA-B331-01374C25B8A8}.Release|Any CPU.Build.0 = Release|Any CPU
	EndGlobalSection
	GlobalSection(SolutionProperties) = preSolution
		HideSolutionNode = FALSE
	EndGlobalSection
	GlobalSection(ExtensibilityGlobals) = postSolution
		SolutionGuid = {58F864DD-37D9-4159-8C9E-68EB37C07B4F}
	EndGlobalSection
EndGlobal
