
Microsoft Visual Studio Solution File, Format Version 12.00
# Visual Studio Version 17
VisualStudioVersion = 17.4.33122.133
MinimumVisualStudioVersion = 10.0.40219.1
Project("{FAE04EC0-301F-11D3-BF4B-00C04F79EFBC}") = "AoC2022-03", "AoC2022-03\AoC2022-03.csproj", "{2A1B4491-8A46-420C-AD05-A66D9EA21A74}"
EndProject
Global
	GlobalSection(SolutionConfigurationPlatforms) = preSolution
		Debug|Any CPU = Debug|Any CPU
		Release|Any CPU = Release|Any CPU
	EndGlobalSection
	GlobalSection(ProjectConfigurationPlatforms) = postSolution
		{2A1B4491-8A46-420C-AD05-A66D9EA21A74}.Debug|Any CPU.ActiveCfg = Debug|Any CPU
		{2A1B4491-8A46-420C-AD05-A66D9EA21A74}.Debug|Any CPU.Build.0 = Debug|Any CPU
		{2A1B4491-8A46-420C-AD05-A66D9EA21A74}.Release|Any CPU.ActiveCfg = Release|Any CPU
		{2A1B4491-8A46-420C-AD05-A66D9EA21A74}.Release|Any CPU.Build.0 = Release|Any CPU
	EndGlobalSection
	GlobalSection(SolutionProperties) = preSolution
		HideSolutionNode = FALSE
	EndGlobalSection
	GlobalSection(ExtensibilityGlobals) = postSolution
		SolutionGuid = {1AB32019-9F65-43AB-8E91-45FB699CF7B2}
	EndGlobalSection
EndGlobal
